<?xml version="1.0" encoding="utf-8"?>
<Project ToolsVersion="4.0" xmlns="http://schemas.microsoft.com/developer/msbuild/2003">
  <ItemGroup>
    <Filter Include="Source Files">
      <UniqueIdentifier>{4FC737F1-C7A5-4376-A066-2A32D752A2FF}</UniqueIdentifier>
      <Extensions>cpp;c;cc;cxx;def;odl;idl;hpj;bat;asm;asmx</Extensions>
    </Filter>
    <Filter Include="Header Files">
      <UniqueIdentifier>{93995380-89BD-4b04-88EB-625FBE52EBFB}</UniqueIdentifier>
      <Extensions>h;hh;hpp;hxx;hm;inl;inc;xsd</Extensions>
    </Filter>
    <Filter Include="Resource Files">
      <UniqueIdentifier>{67DA6AB6-F800-4c08-8B7A-83BB121AAD01}</UniqueIdentifier>
      <Extensions>rc;ico;cur;bmp;dlg;rc2;rct;bin;rgs;gif;jpg;jpeg;jpe;resx;tiff;tif;png;wav;mfcribbon-ms</Extensions>
    </Filter>
  </ItemGroup>
  <ItemGroup>
    <ClCompile Include="Thing\ThingDatabase.cpp">
      <Filter>Source Files</Filter>
    </ClCompile>
    <ClCompile Include="Thing\ThingDefinition.cpp">
      <Filter>Source Files</Filter>
    </ClCompile>
    <ClCompile Include="Thing\ThingEnum.cpp">
      <Filter>Source Files</Filter>
    </ClCompile>
    <ClCompile Include="Thing\ThingImporter.cpp">
      <Filter>Source Files</Filter>
    </ClCompile>
    <ClCompile Include="Thing\ThingParser.cpp">
      <Filter>Source Files</Filter>
    </ClCompile>
    <ClCompile Include="Thing\Blocks\BillboardBlock.cpp">
      <Filter>Source Files</Filter>
    </ClCompile>
    <ClCompile Include="Thing\Blocks\BillboardSetBlock.cpp">
      <Filter>Source Files</Filter>
    </ClCompile>
    <ClCompile Include="Thing\Blocks\ModelBlock.cpp">
      <Filter>Source Files</Filter>
    </ClCompile>
    <ClCompile Include="Thing\Blocks\RibbonBlock.cpp">
      <Filter>Source Files</Filter>
    </ClCompile>
    <ClCompile Include="Thing\Blocks\ShapeBlock.cpp">
      <Filter>Source Files</Filter>
    </ClCompile>
    <ClCompile Include="Thing\Blocks\SoundBlock.cpp">
      <Filter>Source Files</Filter>
    </ClCompile>
    <ClCompile Include="Thing\Blocks\ThingBlock.cpp">
      <Filter>Source Files</Filter>
    </ClCompile>
    <ClCompile Include="Muffin\MuffinDefinition.cpp">
      <Filter>Source Files</Filter>
    </ClCompile>
    <ClCompile Include="Muffin\MuffinParser.cpp">
      <Filter>Source Files</Filter>
    </ClCompile>
    <ClCompile Include="Muffin\TokenHolder.cpp">
      <Filter>Source Files</Filter>
    </ClCompile>
    <ClCompile Include="Misc\bulletExtensions.cpp">
      <Filter>Source Files</Filter>
    </ClCompile>
    <ClCompile Include="Misc\direntSearch.cpp">
      <Filter>Source Files</Filter>
    </ClCompile>
    <ClCompile Include="Misc\irrklangExtensions.cpp">
      <Filter>Source Files</Filter>
    </ClCompile>
    <ClCompile Include="Misc\ogreExtensions.cpp">
      <Filter>Source Files</Filter>
    </ClCompile>
  </ItemGroup>
  <ItemGroup>
    <ClInclude Include="Thing\ThingDatabase.h">
      <Filter>Header Files</Filter>
    </ClInclude>
    <ClInclude Include="Thing\ThingDefinition.h">
      <Filter>Header Files</Filter>
    </ClInclude>
    <ClInclude Include="Thing\ThingEnum.h">
      <Filter>Header Files</Filter>
    </ClInclude>
    <ClInclude Include="Thing\ThingImporter.h">
      <Filter>Header Files</Filter>
    </ClInclude>
    <ClInclude Include="Thing\ThingParser.h">
      <Filter>Header Files</Filter>
    </ClInclude>
    <ClInclude Include="Thing\Blocks\BillboardBlock.h">
      <Filter>Header Files</Filter>
    </ClInclude>
    <ClInclude Include="Thing\Blocks\BillboardSetBlock.h">
      <Filter>Header Files</Filter>
    </ClInclude>
    <ClInclude Include="Thing\Blocks\ModelBlock.h">
      <Filter>Header Files</Filter>
    </ClInclude>
    <ClInclude Include="Thing\Blocks\RibbonBlock.h">
      <Filter>Header Files</Filter>
    </ClInclude>
    <ClInclude Include="Thing\Blocks\ShapeBlock.h">
      <Filter>Header Files</Filter>
    </ClInclude>
    <ClInclude Include="Thing\Blocks\SoundBlock.h">
      <Filter>Header Files</Filter>
    </ClInclude>
    <ClInclude Include="Thing\Blocks\ThingBlock.h">
      <Filter>Header Files</Filter>
    </ClInclude>
    <ClInclude Include="Muffin\MuffinDefinition.h">
      <Filter>Header Files</Filter>
    </ClInclude>
    <ClInclude Include="Muffin\MuffinParser.h">
      <Filter>Header Files</Filter>
    </ClInclude>
    <ClInclude Include="Muffin\TokenHolder.h">
      <Filter>Header Files</Filter>
    </ClInclude>
    <ClInclude Include="Misc\bulletExtensions.h">
      <Filter>Header Files</Filter>
    </ClInclude>
    <ClInclude Include="Misc\direntSearch.h">
      <Filter>Header Files</Filter>
    </ClInclude>
    <ClInclude Include="Misc\irrklangExtensions.h">
      <Filter>Header Files</Filter>
    </ClInclude>
    <ClInclude Include="Misc\ogreExtensions.h">
      <Filter>Header Files</Filter>
    </ClInclude>
  </ItemGroup>
</Project>