<?xml version="1.0" encoding="utf-8"?>
<Project ToolsVersion="4.0" xmlns="http://schemas.microsoft.com/developer/msbuild/2003">
  <ItemGroup>
    <Filter Include="Source Files">
      <UniqueIdentifier>{4FC737F1-C7A5-4376-A066-2A32D752A2FF}</UniqueIdentifier>
      <Extensions>cpp;c;cc;cxx;def;odl;idl;hpj;bat;asm;asmx</Extensions>
    </Filter>
    <Filter Include="Header Files">
      <UniqueIdentifier>{93995380-89BD-4b04-88EB-625FBE52EBFB}</UniqueIdentifier>
      <Extensions>h;hh;hpp;hxx;hm;inl;inc;xsd</Extensions>
    </Filter>
    <Filter Include="Resource Files">
      <UniqueIdentifier>{67DA6AB6-F800-4c08-8B7A-83BB121AAD01}</UniqueIdentifier>
      <Extensions>rc;ico;cur;bmp;dlg;rc2;rct;bin;rgs;gif;jpg;jpeg;jpe;resx;tiff;tif;png;wav;mfcribbon-ms</Extensions>
    </Filter>
  </ItemGroup>
  <ItemGroup>
    <ClCompile Include="Actors\DashJavelin.cpp">
      <Filter>Source Files</Filter>
    </ClCompile>
    <ClCompile Include="Actors\InstancedGeometryManager.cpp">
      <Filter>Source Files</Filter>
    </ClCompile>
    <ClCompile Include="Actors\Kart.cpp">
      <Filter>Source Files</Filter>
    </ClCompile>
    <ClCompile Include="Actors\LThing.cpp">
      <Filter>Source Files</Filter>
    </ClCompile>
    <ClCompile Include="Actors\StaticGeometryManager.cpp">
      <Filter>Source Files</Filter>
    </ClCompile>
    <ClCompile Include="Actors\Components\BillboardSetComponent.cpp">
      <Filter>Source Files</Filter>
    </ClCompile>
    <ClCompile Include="Actors\Components\ModelComponent.cpp">
      <Filter>Source Files</Filter>
    </ClCompile>
    <ClCompile Include="Actors\Components\RibbonComponent.cpp">
      <Filter>Source Files</Filter>
    </ClCompile>
    <ClCompile Include="Actors\Components\ShapeComponent.cpp">
      <Filter>Source Files</Filter>
    </ClCompile>
    <ClCompile Include="Actors\Components\SoundComponent.cpp">
      <Filter>Source Files</Filter>
    </ClCompile>
    <ClCompile Include="Actors\Wheels\Wheel.cpp">
      <Filter>Source Files</Filter>
    </ClCompile>
    <ClCompile Include="Actors\Wheels\WheelFactory.cpp">
      <Filter>Source Files</Filter>
    </ClCompile>
    <ClCompile Include="Core\IDs.cpp">
      <Filter>Source Files</Filter>
    </ClCompile>
    <ClCompile Include="Core\InputMain.cpp">
      <Filter>Source Files</Filter>
    </ClCompile>
    <ClCompile Include="Core\InputSwallowerManager.cpp">
      <Filter>Source Files</Filter>
    </ClCompile>
    <ClCompile Include="Core\KeyBindingManager.cpp">
      <Filter>Source Files</Filter>
    </ClCompile>
    <ClCompile Include="Core\main.cpp">
      <Filter>Source Files</Filter>
    </ClCompile>
    <ClCompile Include="Core\Options.cpp">
      <Filter>Source Files</Filter>
    </ClCompile>
    <ClCompile Include="Core\Pauser.cpp">
      <Filter>Source Files</Filter>
    </ClCompile>
    <ClCompile Include="Core\Spawner.cpp">
      <Filter>Source Files</Filter>
    </ClCompile>
    <ClCompile Include="Core\Animation\AnimationBlender.cpp">
      <Filter>Source Files</Filter>
    </ClCompile>
    <ClCompile Include="Core\Animation\AnimationManager.cpp">
      <Filter>Source Files</Filter>
    </ClCompile>
    <ClCompile Include="Core\Cameras\CameraManager.cpp">
      <Filter>Source Files</Filter>
    </ClCompile>
    <ClCompile Include="Core\Cameras\LCamera.cpp">
      <Filter>Source Files</Filter>
    </ClCompile>
    <ClCompile Include="Kernel\LKernel.cpp">
      <Filter>Source Files</Filter>
    </ClCompile>
    <ClCompile Include="Kernel\LKernelRegistration.cpp">
      <Filter>Source Files</Filter>
    </ClCompile>
    <ClCompile Include="Levels\Level.cpp">
      <Filter>Source Files</Filter>
    </ClCompile>
    <ClCompile Include="Levels\LevelChangedEventArgs.cpp">
      <Filter>Source Files</Filter>
    </ClCompile>
    <ClCompile Include="Levels\LevelManager.cpp">
      <Filter>Source Files</Filter>
    </ClCompile>
    <ClCompile Include="Lua\LuaMain.cpp">
      <Filter>Source Files</Filter>
    </ClCompile>
    <ClCompile Include="Physics\CollisionObjectDataHolder.cpp">
      <Filter>Source Files</Filter>
    </ClCompile>
    <ClCompile Include="Physics\CollisionShapeManager.cpp">
      <Filter>Source Files</Filter>
    </ClCompile>
    <ClCompile Include="Physics\PhysicsMain.cpp">
      <Filter>Source Files</Filter>
    </ClCompile>
    <ClCompile Include="Physics\CollisionReports\CollisionReporter.cpp">
      <Filter>Source Files</Filter>
    </ClCompile>
    <ClCompile Include="Physics\Materials\PhysicsMaterial.cpp">
      <Filter>Source Files</Filter>
    </ClCompile>
    <ClCompile Include="Physics\Materials\PhysicsMaterialFactory.cpp">
      <Filter>Source Files</Filter>
    </ClCompile>
    <ClCompile Include="Physics\MotionStates\OgreMotionState.cpp">
      <Filter>Source Files</Filter>
    </ClCompile>
    <ClCompile Include="Players\Player.cpp">
      <Filter>Source Files</Filter>
    </ClCompile>
    <ClCompile Include="Sound\SoundMain.cpp">
      <Filter>Source Files</Filter>
    </ClCompile>
    <ClCompile Include="UI\LuaConsoleManager.cpp">
      <Filter>Source Files</Filter>
    </ClCompile>
    <ClCompile Include="UI\Splash.cpp">
      <Filter>Source Files</Filter>
    </ClCompile>
    <ClCompile Include="BMP\EasyBMP.cpp">
      <Filter>Source Files</Filter>
    </ClCompile>
    <ClCompile Include="Actors\Driver.cpp">
      <Filter>Source Files</Filter>
    </ClCompile>
    <ClCompile Include="Kernel\LKernelOgre.cpp">
      <Filter>Source Files</Filter>
    </ClCompile>
    <ClCompile Include="Players\PlayerManager.cpp">
      <Filter>Source Files</Filter>
    </ClCompile>
    <ClCompile Include="Actors\TwiCutlass.cpp">
      <Filter>Source Files</Filter>
    </ClCompile>
    <ClCompile Include="Sound\SoundCrossfader.cpp">
      <Filter>Source Files</Filter>
    </ClCompile>
    <ClCompile Include="Physics\MotionStates\KartMotionState.cpp">
      <Filter>Source Files</Filter>
    </ClCompile>
  </ItemGroup>
  <ItemGroup>
    <ClInclude Include="Actors\DashJavelin.h">
      <Filter>Header Files</Filter>
    </ClInclude>
    <ClInclude Include="Actors\Driver.h">
      <Filter>Header Files</Filter>
    </ClInclude>
    <ClInclude Include="Actors\InstancedGeometryManager.h">
      <Filter>Header Files</Filter>
    </ClInclude>
    <ClInclude Include="Actors\Kart.h">
      <Filter>Header Files</Filter>
    </ClInclude>
    <ClInclude Include="Actors\LThing.h">
      <Filter>Header Files</Filter>
    </ClInclude>
    <ClInclude Include="Actors\StaticGeometryManager.h">
      <Filter>Header Files</Filter>
    </ClInclude>
    <ClInclude Include="Actors\TwiCutlass.h">
      <Filter>Header Files</Filter>
    </ClInclude>
    <ClInclude Include="Actors\Components\BillboardSetComponent.h">
      <Filter>Header Files</Filter>
    </ClInclude>
    <ClInclude Include="Actors\Components\ModelComponent.h">
      <Filter>Header Files</Filter>
    </ClInclude>
    <ClInclude Include="Actors\Components\RibbonComponent.h">
      <Filter>Header Files</Filter>
    </ClInclude>
    <ClInclude Include="Actors\Components\ShapeComponent.h">
      <Filter>Header Files</Filter>
    </ClInclude>
    <ClInclude Include="Actors\Components\SoundComponent.h">
      <Filter>Header Files</Filter>
    </ClInclude>
    <ClInclude Include="Actors\Wheels\DriftState.h">
      <Filter>Header Files</Filter>
    </ClInclude>
    <ClInclude Include="Actors\Wheels\Wheel.h">
      <Filter>Header Files</Filter>
    </ClInclude>
    <ClInclude Include="Actors\Wheels\WheelFactory.h">
      <Filter>Header Files</Filter>
    </ClInclude>
    <ClInclude Include="Actors\Wheels\WheelID.h">
      <Filter>Header Files</Filter>
    </ClInclude>
    <ClInclude Include="Core\ControllerManager.h">
      <Filter>Header Files</Filter>
    </ClInclude>
    <ClInclude Include="Core\IDs.h">
      <Filter>Header Files</Filter>
    </ClInclude>
    <ClInclude Include="Core\InputMain.h">
      <Filter>Header Files</Filter>
    </ClInclude>
    <ClInclude Include="Core\InputSwallowerManager.h">
      <Filter>Header Files</Filter>
    </ClInclude>
    <ClInclude Include="Core\KeyBindingManager.h">
      <Filter>Header Files</Filter>
    </ClInclude>
    <ClInclude Include="Core\main.h">
      <Filter>Header Files</Filter>
    </ClInclude>
    <ClInclude Include="Core\Options.h">
      <Filter>Header Files</Filter>
    </ClInclude>
    <ClInclude Include="Core\OptionsEnums.h">
      <Filter>Header Files</Filter>
    </ClInclude>
    <ClInclude Include="Core\Pauser.h">
      <Filter>Header Files</Filter>
    </ClInclude>
    <ClInclude Include="Core\Settings.h">
      <Filter>Header Files</Filter>
    </ClInclude>
    <ClInclude Include="Core\Spawner.h">
      <Filter>Header Files</Filter>
    </ClInclude>
    <ClInclude Include="Core\Animation\AnimationBlender.h">
      <Filter>Header Files</Filter>
    </ClInclude>
    <ClInclude Include="Core\Animation\AnimationManager.h">
      <Filter>Header Files</Filter>
    </ClInclude>
    <ClInclude Include="Core\Cameras\CameraManager.h">
      <Filter>Header Files</Filter>
    </ClInclude>
    <ClInclude Include="Core\Cameras\LCamera.h">
      <Filter>Header Files</Filter>
    </ClInclude>
    <ClInclude Include="Kernel\LKernel.h">
      <Filter>Header Files</Filter>
    </ClInclude>
    <ClInclude Include="Levels\Level.h">
      <Filter>Header Files</Filter>
    </ClInclude>
    <ClInclude Include="Levels\LevelChangedEventArgs.h">
      <Filter>Header Files</Filter>
    </ClInclude>
    <ClInclude Include="Levels\LevelChangeRequest.h">
      <Filter>Header Files</Filter>
    </ClInclude>
    <ClInclude Include="Levels\LevelManager.h">
      <Filter>Header Files</Filter>
    </ClInclude>
    <ClInclude Include="Levels\LevelType.h">
      <Filter>Header Files</Filter>
    </ClInclude>
    <ClInclude Include="Lua\LuaMain.h">
      <Filter>Header Files</Filter>
    </ClInclude>
    <ClInclude Include="Physics\CollisionGroups.h">
      <Filter>Header Files</Filter>
    </ClInclude>
    <ClInclude Include="Physics\CollisionObjectDataHolder.h">
      <Filter>Header Files</Filter>
    </ClInclude>
    <ClInclude Include="Physics\CollisionShapeManager.h">
      <Filter>Header Files</Filter>
    </ClInclude>
    <ClInclude Include="Physics\PhysicsMain.h">
      <Filter>Header Files</Filter>
    </ClInclude>
    <ClInclude Include="Physics\CollisionReports\CollisionReporter.h">
      <Filter>Header Files</Filter>
    </ClInclude>
    <ClInclude Include="Physics\Materials\PhysicsMaterial.h">
      <Filter>Header Files</Filter>
    </ClInclude>
    <ClInclude Include="Physics\Materials\PhysicsMaterialFactory.h">
      <Filter>Header Files</Filter>
    </ClInclude>
    <ClInclude Include="Physics\MotionStates\OgreMotionState.h">
      <Filter>Header Files</Filter>
    </ClInclude>
    <ClInclude Include="Players\Player.h">
      <Filter>Header Files</Filter>
    </ClInclude>
    <ClInclude Include="Players\PlayerManager.h">
      <Filter>Header Files</Filter>
    </ClInclude>
    <ClInclude Include="Sound\SoundMain.h">
      <Filter>Header Files</Filter>
    </ClInclude>
    <ClInclude Include="UI\LuaConsoleManager.h">
      <Filter>Header Files</Filter>
    </ClInclude>
    <ClInclude Include="UI\Splash.h">
      <Filter>Header Files</Filter>
    </ClInclude>
    <ClInclude Include="BMP\EasyBMP.h">
      <Filter>Header Files</Filter>
    </ClInclude>
    <ClInclude Include="Kernel\LKernelOgre.h">
      <Filter>Header Files</Filter>
    </ClInclude>
    <ClInclude Include="Core\Cameras\PlayerCamera.h">
      <Filter>Header Files</Filter>
    </ClInclude>
    <ClInclude Include="Core\Cameras\KnightyCamera.h">
      <Filter>Header Files</Filter>
    </ClInclude>
    <ClInclude Include="Sound\SoundCrossfader.h">
      <Filter>Header Files</Filter>
    </ClInclude>
    <ClInclude Include="Physics\MotionStates\KartMotionState.h">
      <Filter>Header Files</Filter>
    </ClInclude>
  </ItemGroup>
</Project>