<?xml version="1.0" encoding="UTF-8" standalone="yes" ?>
<CodeBlocks_project_file>
	<FileVersion major="1" minor="6" />
	<Project>
		<Option title="Ponykart++" />
		<Option pch_mode="2" />
		<Option compiler="gcc" />
		<Build>
			<Target title="Debug">
				<Option output="build/Debug/Ponykart++" prefix_auto="1" extension_auto="1" />
				<Option working_dir="build/" />
				<Option object_output="obj/Debug/" />
				<Option type="1" />
				<Option compiler="gcc" />
				<Compiler>
					<Add option="-g" />
					<Add option="-Wno-strict-aliasing" />
					<Add option="-Wno-unused-local-typedefs" />
					<Add option="-DDEBUG=1" />
				</Compiler>
				<Linker>
					<Add library="Muffind" />
				</Linker>
			</Target>
			<Target title="Release">
				<Option output="build/Release/Ponykart++" prefix_auto="1" extension_auto="1" />
				<Option working_dir="build/" />
				<Option object_output="obj/Release/" />
				<Option type="0" />
				<Option compiler="gcc" />
				<Compiler>
					<Add option="-march=i686" />
					<Add option="-fexpensive-optimizations" />
					<Add option="-Os" />
					<Add option="-O3" />
				</Compiler>
				<Linker>
					<Add option="-s" />
					<Add library="Muffin" />
				</Linker>
			</Target>
			<Target title="FastRelease">
				<Option output="build/FastRelease/Ponykart++" prefix_auto="1" extension_auto="1" />
				<Option working_dir="build/" />
				<Option object_output="obj/FastRelease/" />
				<Option type="0" />
				<Option compiler="gcc" />
				<Compiler>
					<Add option="-Wno-strict-aliasing" />
					<Add option="-Wno-unused-local-typedefs" />
				</Compiler>
				<Linker>
					<Add library="Muffin" />
				</Linker>
			</Target>
		</Build>
		<Compiler>
			<Add option="-std=c++11" />
			<Add option="-Wall" />
			<Add option="-fexceptions" />
			<Add directory="." />
			<Add directory="../PonykartParsers++/" />
			<Add directory="/usr/include/OGRE/" />
			<Add directory="/usr/include/OIS" />
			<Add directory="/usr/include/bullet" />
			<Add directory="/usr/local/include/irrKlang" />
			<Add directory="/usr/include/lua5.1" />
		</Compiler>
		<Linker>
			<Add library="OgreMain" />
			<Add library="OIS" />
			<Add library="BulletDynamics" />
			<Add library="BulletCollision" />
			<Add library="BulletSoftBody" />
			<Add library="LinearMath" />
			<Add library="IrrKlang" />
			<Add library="boost_system" />
			<Add library="lua5.1" />
			<Add directory="../PonykartParsers++/bin/" />
			<Add directory="/usr/lib/i386-linux-gnu/OGRE-1.8.0" />
			<Add directory="/usr/local/lib/irrKlang" />
		</Linker>
		<Unit filename="Actors/Components/BillboardSetComponent.cpp" />
		<Unit filename="Actors/Components/BillboardSetComponent.h" />
		<Unit filename="Actors/Components/ModelComponent.cpp" />
		<Unit filename="Actors/Components/ModelComponent.h" />
		<Unit filename="Actors/Components/RibbonComponent.cpp" />
		<Unit filename="Actors/Components/RibbonComponent.h" />
		<Unit filename="Actors/Components/ShapeComponent.cpp" />
		<Unit filename="Actors/Components/ShapeComponent.h" />
		<Unit filename="Actors/Components/SoundComponent.cpp" />
		<Unit filename="Actors/Components/SoundComponent.h" />
		<Unit filename="Actors/DashJavelin.cpp" />
		<Unit filename="Actors/DashJavelin.h" />
		<Unit filename="Actors/Driver.cpp" />
		<Unit filename="Actors/Driver.h" />
		<Unit filename="Actors/InstancedGeometryManager.cpp" />
		<Unit filename="Actors/InstancedGeometryManager.h" />
		<Unit filename="Actors/Kart.cpp" />
		<Unit filename="Actors/Kart.h" />
		<Unit filename="Actors/LThing.cpp" />
		<Unit filename="Actors/LThing.h" />
		<Unit filename="Actors/StaticGeometryManager.cpp" />
		<Unit filename="Actors/StaticGeometryManager.h" />
		<Unit filename="Actors/TwiCutlass.h" />
		<Unit filename="Actors/Wheels/DriftState.h" />
		<Unit filename="Actors/Wheels/Wheel.cpp" />
		<Unit filename="Actors/Wheels/Wheel.h" />
		<Unit filename="Actors/Wheels/WheelFactory.cpp" />
		<Unit filename="Actors/Wheels/WheelFactory.h" />
		<Unit filename="Actors/Wheels/WheelID.h" />
		<Unit filename="BMP/EasyBMP.cpp" />
		<Unit filename="BMP/EasyBMP.h" />
		<Unit filename="BMP/EasyBMP_BMP.h" />
		<Unit filename="BMP/EasyBMP_DataStructures.h" />
		<Unit filename="Core/Animation/AnimationBlender.cpp" />
		<Unit filename="Core/Animation/AnimationBlender.h" />
		<Unit filename="Core/Animation/AnimationManager.cpp" />
		<Unit filename="Core/Animation/AnimationManager.h" />
		<Unit filename="Core/Cameras/CameraManager.cpp" />
		<Unit filename="Core/Cameras/CameraManager.h" />
		<Unit filename="Core/Cameras/KnightyCamera.h" />
		<Unit filename="Core/Cameras/LCamera.cpp" />
		<Unit filename="Core/Cameras/LCamera.h" />
		<Unit filename="Core/Cameras/PlayerCamera.h" />
		<Unit filename="Core/ControllerManager.h" />
		<Unit filename="Core/IDs.cpp" />
		<Unit filename="Core/IDs.h" />
		<Unit filename="Core/InputMain.cpp" />
		<Unit filename="Core/InputMain.h" />
		<Unit filename="Core/InputSwallowerManager.cpp" />
		<Unit filename="Core/InputSwallowerManager.h" />
		<Unit filename="Core/KeyBindingManager.cpp" />
		<Unit filename="Core/KeyBindingManager.h" />
		<Unit filename="Core/Options.cpp" />
		<Unit filename="Core/Options.h" />
		<Unit filename="Core/OptionsEnums.h" />
		<Unit filename="Core/Pauser.cpp" />
		<Unit filename="Core/Pauser.h" />
		<Unit filename="Core/Settings.h" />
		<Unit filename="Core/Spawner.cpp" />
		<Unit filename="Core/Spawner.h" />
		<Unit filename="Core/main.cpp" />
		<Unit filename="Core/main.h" />
		<Unit filename="Kernel/LKernel.cpp" />
		<Unit filename="Kernel/LKernel.h" />
		<Unit filename="Kernel/LKernelOgre.cpp" />
		<Unit filename="Kernel/LKernelOgre.h" />
		<Unit filename="Kernel/LKernelRegistration.cpp" />
		<Unit filename="Levels/Level.cpp" />
		<Unit filename="Levels/Level.h" />
		<Unit filename="Levels/LevelChangeRequest.h" />
		<Unit filename="Levels/LevelChangedEventArgs.cpp" />
		<Unit filename="Levels/LevelChangedEventArgs.h" />
		<Unit filename="Levels/LevelManager.cpp" />
		<Unit filename="Levels/LevelManager.h" />
		<Unit filename="Levels/LevelType.h" />
		<Unit filename="Lua/LuaMain.cpp" />
		<Unit filename="Lua/LuaMain.h" />
		<Unit filename="Physics/CollisionGroups.h" />
		<Unit filename="Physics/CollisionObjectDataHolder.cpp" />
		<Unit filename="Physics/CollisionObjectDataHolder.h" />
		<Unit filename="Physics/CollisionReports/CollisionReporter.cpp" />
		<Unit filename="Physics/CollisionReports/CollisionReporter.h" />
		<Unit filename="Physics/CollisionShapeManager.cpp" />
		<Unit filename="Physics/CollisionShapeManager.h" />
		<Unit filename="Physics/Materials/PhysicsMaterial.cpp" />
		<Unit filename="Physics/Materials/PhysicsMaterial.h" />
		<Unit filename="Physics/Materials/PhysicsMaterialFactory.cpp" />
		<Unit filename="Physics/Materials/PhysicsMaterialFactory.h" />
		<Unit filename="Physics/MotionStates/OgreMotionState.cpp" />
		<Unit filename="Physics/MotionStates/OgreMotionState.h" />
		<Unit filename="Physics/PhysicsMain.cpp" />
		<Unit filename="Physics/PhysicsMain.h" />
		<Unit filename="Players/Player.cpp" />
		<Unit filename="Players/Player.h" />
		<Unit filename="Players/PlayerManager.cpp" />
		<Unit filename="Players/PlayerManager.h" />
		<Unit filename="Sound/SoundMain.cpp" />
		<Unit filename="Sound/SoundMain.h" />
		<Unit filename="UI/LuaConsoleManager.cpp" />
		<Unit filename="UI/LuaConsoleManager.h" />
		<Unit filename="UI/Splash.cpp" />
		<Unit filename="UI/Splash.h" />
		<Extensions>
			<code_completion />
			<envvars />
			<debugger />
			<lib_finder disable_auto="1" />
		</Extensions>
	</Project>
</CodeBlocks_project_file>
